
Microsoft Visual Studio Solution File, Format Version 12.00
# Visual Studio Version 17
VisualStudioVersion = 17.5.33516.290
MinimumVisualStudioVersion = 10.0.40219.1
Project("{FAE04EC0-301F-11D3-BF4B-00C04F79EFBC}") = "Blazor_Ecommerce.Server", "Blazor_Ecommerce\Server\Blazor_Ecommerce.Server.csproj", "{731CAE55-592B-482E-901E-1F30FF574A77}"
EndProject
Project("{FAE04EC0-301F-11D3-BF4B-00C04F79EFBC}") = "Blazor_Ecommerce.Client", "Blazor_Ecommerce\Client\Blazor_Ecommerce.Client.csproj", "{F7D4BB0E-653A-4163-B64B-A022485C26D8}"
EndProject
Project("{FAE04EC0-301F-11D3-BF4B-00C04F79EFBC}") = "Blazor_Ecommerce.Shared", "Blazor_Ecommerce\Shared\Blazor_Ecommerce.Shared.csproj", "{22699EC6-A0B3-43C8-B8D7-4D48ACDEC709}"
EndProject
Global
	GlobalSection(SolutionConfigurationPlatforms) = preSolution
		Debug|Any CPU = Debug|Any CPU
		Release|Any CPU = Release|Any CPU
	EndGlobalSection
	GlobalSection(ProjectConfigurationPlatforms) = postSolution
		{731CAE55-592B-482E-901E-1F30FF574A77}.Debug|Any CPU.ActiveCfg = Debug|Any CPU
		{731CAE55-592B-482E-901E-1F30FF574A77}.Debug|Any CPU.Build.0 = Debug|Any CPU
		{731CAE55-592B-482E-901E-1F30FF574A77}.Release|Any CPU.ActiveCfg = Release|Any CPU
		{731CAE55-592B-482E-901E-1F30FF574A77}.Release|Any CPU.Build.0 = Release|Any CPU
		{F7D4BB0E-653A-4163-B64B-A022485C26D8}.Debug|Any CPU.ActiveCfg = Debug|Any CPU
		{F7D4BB0E-653A-4163-B64B-A022485C26D8}.Debug|Any CPU.Build.0 = Debug|Any CPU
		{F7D4BB0E-653A-4163-B64B-A022485C26D8}.Release|Any CPU.ActiveCfg = Release|Any CPU
		{F7D4BB0E-653A-4163-B64B-A022485C26D8}.Release|Any CPU.Build.0 = Release|Any CPU
		{22699EC6-A0B3-43C8-B8D7-4D48ACDEC709}.Debug|Any CPU.ActiveCfg = Debug|Any CPU
		{22699EC6-A0B3-43C8-B8D7-4D48ACDEC709}.Debug|Any CPU.Build.0 = Debug|Any CPU
		{22699EC6-A0B3-43C8-B8D7-4D48ACDEC709}.Release|Any CPU.ActiveCfg = Release|Any CPU
		{22699EC6-A0B3-43C8-B8D7-4D48ACDEC709}.Release|Any CPU.Build.0 = Release|Any CPU
	EndGlobalSection
	GlobalSection(SolutionProperties) = preSolution
		HideSolutionNode = FALSE
	EndGlobalSection
	GlobalSection(ExtensibilityGlobals) = postSolution
		SolutionGuid = {520D2657-1176-46E0-A2A6-C30358E0F2F7}
	EndGlobalSection
EndGlobal
